
Microsoft Visual Studio Solution File, Format Version 12.00
# Visual Studio Version 16
VisualStudioVersion = 16.0.30503.244
MinimumVisualStudioVersion = 10.0.40219.1
Project("{FAE04EC0-301F-11D3-BF4B-00C04F79EFBC}") = "Generate characters and monsters", "Generate characters and monsters.csproj", "{81689A29-8967-460C-A730-4F22150D7635}"
EndProject
Global
	GlobalSection(SolutionConfigurationPlatforms) = preSolution
		Debug|Any CPU = Debug|Any CPU
		Release|Any CPU = Release|Any CPU
	EndGlobalSection
	GlobalSection(ProjectConfigurationPlatforms) = postSolution
		{81689A29-8967-460C-A730-4F22150D7635}.Debug|Any CPU.ActiveCfg = Debug|Any CPU
		{81689A29-8967-460C-A730-4F22150D7635}.Debug|Any CPU.Build.0 = Debug|Any CPU
		{81689A29-8967-460C-A730-4F22150D7635}.Release|Any CPU.ActiveCfg = Release|Any CPU
		{81689A29-8967-460C-A730-4F22150D7635}.Release|Any CPU.Build.0 = Release|Any CPU
	EndGlobalSection
	GlobalSection(SolutionProperties) = preSolution
		HideSolutionNode = FALSE
	EndGlobalSection
	GlobalSection(ExtensibilityGlobals) = postSolution
		SolutionGuid = {80CD866F-2DDC-4216-B782-8493BFFEFF6C}
	EndGlobalSection
EndGlobal
