
Microsoft Visual Studio Solution File, Format Version 12.00
# Visual Studio Version 16
VisualStudioVersion = 16.0.30503.244
MinimumVisualStudioVersion = 10.0.40219.1
Project("{FAE04EC0-301F-11D3-BF4B-00C04F79EFBC}") = "Hit accuracy", "Hit accuracy.csproj", "{4EB0CF5E-23D6-4B6B-996E-96CB2E2C05B7}"
EndProject
Global
	GlobalSection(SolutionConfigurationPlatforms) = preSolution
		Debug|Any CPU = Debug|Any CPU
		Release|Any CPU = Release|Any CPU
	EndGlobalSection
	GlobalSection(ProjectConfigurationPlatforms) = postSolution
		{4EB0CF5E-23D6-4B6B-996E-96CB2E2C05B7}.Debug|Any CPU.ActiveCfg = Debug|Any CPU
		{4EB0CF5E-23D6-4B6B-996E-96CB2E2C05B7}.Debug|Any CPU.Build.0 = Debug|Any CPU
		{4EB0CF5E-23D6-4B6B-996E-96CB2E2C05B7}.Release|Any CPU.ActiveCfg = Release|Any CPU
		{4EB0CF5E-23D6-4B6B-996E-96CB2E2C05B7}.Release|Any CPU.Build.0 = Release|Any CPU
	EndGlobalSection
	GlobalSection(SolutionProperties) = preSolution
		HideSolutionNode = FALSE
	EndGlobalSection
	GlobalSection(ExtensibilityGlobals) = postSolution
		SolutionGuid = {EA86C23A-12E9-41CF-A6BB-F0757CDABEDF}
	EndGlobalSection
EndGlobal
