
Microsoft Visual Studio Solution File, Format Version 12.00
# Visual Studio Version 16
VisualStudioVersion = 16.0.30621.155
MinimumVisualStudioVersion = 10.0.40219.1
Project("{FAE04EC0-301F-11D3-BF4B-00C04F79EFBC}") = "fyra i rad", "fyra i rad.csproj", "{DF8732F3-18BE-42D0-A9A2-1E4457E0AC19}"
EndProject
Global
	GlobalSection(SolutionConfigurationPlatforms) = preSolution
		Debug|Any CPU = Debug|Any CPU
		Release|Any CPU = Release|Any CPU
	EndGlobalSection
	GlobalSection(ProjectConfigurationPlatforms) = postSolution
		{DF8732F3-18BE-42D0-A9A2-1E4457E0AC19}.Debug|Any CPU.ActiveCfg = Debug|Any CPU
		{DF8732F3-18BE-42D0-A9A2-1E4457E0AC19}.Debug|Any CPU.Build.0 = Debug|Any CPU
		{DF8732F3-18BE-42D0-A9A2-1E4457E0AC19}.Release|Any CPU.ActiveCfg = Release|Any CPU
		{DF8732F3-18BE-42D0-A9A2-1E4457E0AC19}.Release|Any CPU.Build.0 = Release|Any CPU
	EndGlobalSection
	GlobalSection(SolutionProperties) = preSolution
		HideSolutionNode = FALSE
	EndGlobalSection
	GlobalSection(ExtensibilityGlobals) = postSolution
		SolutionGuid = {D6CE706B-FC3B-4E0D-A12E-45DBA0EF4FA9}
	EndGlobalSection
EndGlobal
