
Microsoft Visual Studio Solution File, Format Version 12.00
# Visual Studio Version 16
VisualStudioVersion = 16.0.30503.244
MinimumVisualStudioVersion = 10.0.40219.1
Project("{9A19103F-16F7-4668-BE54-9A1E7A4F7556}") = "hey niko its roman lets go bowling", "hey niko its roman lets go bowling.csproj", "{DD46814A-DB67-49E2-88AB-7B99E976F3F0}"
EndProject
Global
	GlobalSection(SolutionConfigurationPlatforms) = preSolution
		Debug|Any CPU = Debug|Any CPU
		Release|Any CPU = Release|Any CPU
	EndGlobalSection
	GlobalSection(ProjectConfigurationPlatforms) = postSolution
		{DD46814A-DB67-49E2-88AB-7B99E976F3F0}.Debug|Any CPU.ActiveCfg = Debug|Any CPU
		{DD46814A-DB67-49E2-88AB-7B99E976F3F0}.Debug|Any CPU.Build.0 = Debug|Any CPU
		{DD46814A-DB67-49E2-88AB-7B99E976F3F0}.Release|Any CPU.ActiveCfg = Release|Any CPU
		{DD46814A-DB67-49E2-88AB-7B99E976F3F0}.Release|Any CPU.Build.0 = Release|Any CPU
	EndGlobalSection
	GlobalSection(SolutionProperties) = preSolution
		HideSolutionNode = FALSE
	EndGlobalSection
	GlobalSection(ExtensibilityGlobals) = postSolution
		SolutionGuid = {E5E2E765-5DFE-4BFF-A510-55AF3BE9BD6D}
	EndGlobalSection
EndGlobal
