
Microsoft Visual Studio Solution File, Format Version 12.00
# Visual Studio Version 16
VisualStudioVersion = 16.0.30503.244
MinimumVisualStudioVersion = 10.0.40219.1
Project("{FAE04EC0-301F-11D3-BF4B-00C04F79EFBC}") = "The Matrix", "The Matrix.csproj", "{7488048D-DFBD-483B-B691-C1F18150D5B6}"
EndProject
Global
	GlobalSection(SolutionConfigurationPlatforms) = preSolution
		Debug|Any CPU = Debug|Any CPU
		Release|Any CPU = Release|Any CPU
	EndGlobalSection
	GlobalSection(ProjectConfigurationPlatforms) = postSolution
		{7488048D-DFBD-483B-B691-C1F18150D5B6}.Debug|Any CPU.ActiveCfg = Debug|Any CPU
		{7488048D-DFBD-483B-B691-C1F18150D5B6}.Debug|Any CPU.Build.0 = Debug|Any CPU
		{7488048D-DFBD-483B-B691-C1F18150D5B6}.Release|Any CPU.ActiveCfg = Release|Any CPU
		{7488048D-DFBD-483B-B691-C1F18150D5B6}.Release|Any CPU.Build.0 = Release|Any CPU
	EndGlobalSection
	GlobalSection(SolutionProperties) = preSolution
		HideSolutionNode = FALSE
	EndGlobalSection
	GlobalSection(ExtensibilityGlobals) = postSolution
		SolutionGuid = {8B036093-8EED-4406-B479-55FA85408A53}
	EndGlobalSection
EndGlobal
