
Microsoft Visual Studio Solution File, Format Version 12.00
# Visual Studio Version 16
VisualStudioVersion = 16.0.30503.244
MinimumVisualStudioVersion = 10.0.40219.1
Project("{FAE04EC0-301F-11D3-BF4B-00C04F79EFBC}") = "MEGA TANK BATTLE", "MEGA TANK BATTLE.csproj", "{B98CB39F-744B-4A63-B3DB-725AF932D532}"
EndProject
Global
	GlobalSection(SolutionConfigurationPlatforms) = preSolution
		Debug|Any CPU = Debug|Any CPU
		Release|Any CPU = Release|Any CPU
	EndGlobalSection
	GlobalSection(ProjectConfigurationPlatforms) = postSolution
		{B98CB39F-744B-4A63-B3DB-725AF932D532}.Debug|Any CPU.ActiveCfg = Debug|Any CPU
		{B98CB39F-744B-4A63-B3DB-725AF932D532}.Debug|Any CPU.Build.0 = Debug|Any CPU
		{B98CB39F-744B-4A63-B3DB-725AF932D532}.Release|Any CPU.ActiveCfg = Release|Any CPU
		{B98CB39F-744B-4A63-B3DB-725AF932D532}.Release|Any CPU.Build.0 = Release|Any CPU
	EndGlobalSection
	GlobalSection(SolutionProperties) = preSolution
		HideSolutionNode = FALSE
	EndGlobalSection
	GlobalSection(ExtensibilityGlobals) = postSolution
		SolutionGuid = {136D49B9-EE02-4196-9987-80BA11362639}
	EndGlobalSection
EndGlobal
