
Microsoft Visual Studio Solution File, Format Version 12.00
# Visual Studio Version 16
VisualStudioVersion = 16.0.30503.244
MinimumVisualStudioVersion = 10.0.40219.1
Project("{FAE04EC0-301F-11D3-BF4B-00C04F79EFBC}") = "Roll toll six", "Roll toll six.csproj", "{7DFAFB10-DEFC-4B9C-A0B8-86B578E41D79}"
EndProject
Global
	GlobalSection(SolutionConfigurationPlatforms) = preSolution
		Debug|Any CPU = Debug|Any CPU
		Release|Any CPU = Release|Any CPU
	EndGlobalSection
	GlobalSection(ProjectConfigurationPlatforms) = postSolution
		{7DFAFB10-DEFC-4B9C-A0B8-86B578E41D79}.Debug|Any CPU.ActiveCfg = Debug|Any CPU
		{7DFAFB10-DEFC-4B9C-A0B8-86B578E41D79}.Debug|Any CPU.Build.0 = Debug|Any CPU
		{7DFAFB10-DEFC-4B9C-A0B8-86B578E41D79}.Release|Any CPU.ActiveCfg = Release|Any CPU
		{7DFAFB10-DEFC-4B9C-A0B8-86B578E41D79}.Release|Any CPU.Build.0 = Release|Any CPU
	EndGlobalSection
	GlobalSection(SolutionProperties) = preSolution
		HideSolutionNode = FALSE
	EndGlobalSection
	GlobalSection(ExtensibilityGlobals) = postSolution
		SolutionGuid = {9E4B6F17-7B0E-4BE9-AC83-02A3B4579C2B}
	EndGlobalSection
EndGlobal
